// !$*UTF8*$!
{
	archiveVersion = 1;
	classes = {
	};
	objectVersion = 50;
	objects = {

/* Begin PBXBuildFile section */
		F2490C7327979B9500CB8025 /* AppDelegate.swift in Sources */ = {isa = PBXBuildFile; fileRef = F2490C7227979B9500CB8025 /* AppDelegate.swift */; };
		F2490C7527979B9500CB8025 /* SceneDelegate.swift in Sources */ = {isa = PBXBuildFile; fileRef = F2490C7427979B9500CB8025 /* SceneDelegate.swift */; };
		F2490C7727979B9500CB8025 /* ViewController.swift in Sources */ = {isa = PBXBuildFile; fileRef = F2490C7627979B9500CB8025 /* ViewController.swift */; };
		F2490C7A27979B9500CB8025 /* Main.storyboard in Resources */ = {isa = PBXBuildFile; fileRef = F2490C7827979B9500CB8025 /* Main.storyboard */; };
		F2490C7C27979B9D00CB8025 /* Assets.xcassets in Resources */ = {isa = PBXBuildFile; fileRef = F2490C7B27979B9D00CB8025 /* Assets.xcassets */; };
		F2490C7F27979B9D00CB8025 /* LaunchScreen.storyboard in Resources */ = {isa = PBXBuildFile; fileRef = F2490C7D27979B9D00CB8025 /* LaunchScreen.storyboard */; };
/* End PBXBuildFile section */

/* Begin PBXFileReference section */
		F2490C6F27979B9500CB8025 /* Lab1_PhaniPotu_C0789186_IOS.app */ = {isa = PBXFileReference; explicitFileType = wrapper.application; includeInIndex = 0; path = Lab1_PhaniPotu_C0789186_IOS.app; sourceTree = BUILT_PRODUCTS_DIR; };
		F2490C7227979B9500CB8025 /* AppDelegate.swift */ = {isa = PBXFileReference; lastKnownFileType = sourcecode.swift; path = AppDelegate.swift; sourceTree = "<group>"; };
		F2490C7427979B9500CB8025 /* SceneDelegate.swift */ = {isa = PBXFileReference; lastKnownFileType = sourcecode.swift; path = SceneDelegate.swift; sourceTree = "<group>"; };
		F2490C7627979B9500CB8025 /* ViewController.swift */ = {isa = PBXFileReference; lastKnownFileType = sourcecode.swift; path = ViewController.swift; sourceTree = "<group>"; };
		F2490C7927979B9500CB8025 /* Base */ = {isa = PBXFileReference; lastKnownFileType = file.storyboard; name = Base; path = Base.lproj/Main.storyboard; sourceTree = "<group>"; };
		F2490C7B27979B9D00CB8025 /* Assets.xcassets */ = {isa = PBXFileReference; lastKnownFileType = folder.assetcatalog; path = Assets.xcassets; sourceTree = "<group>"; };
		F2490C7E27979B9D00CB8025 /* Base */ = {isa = PBXFileReference; lastKnownFileType = file.storyboard; name = Base; path = Base.lproj/LaunchScreen.storyboard; sourceTree = "<group>"; };
		F2490C8027979B9D00CB8025 /* Info.plist */ = {isa = PBXFileReference; lastKnownFileType = text.plist.xml; path = Info.plist; sourceTree = "<group>"; };
/* End PBXFileReference section */

/* Begin PBXFrameworksBuildPhase section */
		F2490C6C27979B9500CB8025 /* Frameworks */ = {
			isa = PBXFrameworksBuildPhase;
			buildActionMask = 2147483647;
			files = (
			);
			runOnlyForDeploymentPostprocessing = 0;
		};
/* End PBXFrameworksBuildPhase section */

/* Begin PBXGroup section */
		F2490C6627979B9500CB8025 = {
			isa = PBXGroup;
			children = (
				F2490C7127979B9500CB8025 /* Lab1_PhaniPotu_C0789186_IOS */,
				F2490C7027979B9500CB8025 /* Products */,
			);
			sourceTree = "<group>";
		};
		F2490C7027979B9500CB8025 /* Products */ = {
			isa = PBXGroup;
			children = (
				F2490C6F27979B9500CB8025 /* Lab1_PhaniPotu_C0789186_IOS.app */,
			);
			name = Products;
			sourceTree = "<group>";
		};
		F2490C7127979B9500CB8025 /* Lab1_PhaniPotu_C0789186_IOS */ = {
			isa = PBXGroup;
			children = (
				F2490C7227979B9500CB8025 /* AppDelegate.swift */,
				F2490C7427979B9500CB8025 /* SceneDelegate.swift */,
				F2490C7627979B9500CB8025 /* ViewController.swift */,
				F2490C7827979B9500CB8025 /* Main.storyboard */,
				F2490C7B27979B9D00CB8025 /* Assets.xcassets */,
				F2490C7D27979B9D00CB8025 /* LaunchScreen.storyboard */,
				F2490C8027979B9D00CB8025 /* Info.plist */,
			);
			path = Lab1_PhaniPotu_C0789186_IOS;
			sourceTree = "<group>";
		};
/* End PBXGroup section */

/* Begin PBXNativeTarget section */
		F2490C6E27979B9500CB8025 /* Lab1_PhaniPotu_C0789186_IOS */ = {
			isa = PBXNativeTarget;
			buildConfigurationList = F2490C8327979B9D00CB8025 /* Build configuration list for PBXNativeTarget "Lab1_PhaniPotu_C0789186_IOS" */;
			buildPhases = (
				F2490C6B27979B9500CB8025 /* Sources */,
				F2490C6C27979B9500CB8025 /* Frameworks */,
				F2490C6D27979B9500CB8025 /* Resources */,
			);
			buildRules = (
			);
			dependencies = (
			);
			name = Lab1_PhaniPotu_C0789186_IOS;
			productName = Lab1_PhaniPotu_C0789186_IOS;
			productReference = F2490C6F27979B9500CB8025 /* Lab1_PhaniPotu_C0789186_IOS.app */;
			productType = "com.apple.product-type.application";
		};
/* End PBXNativeTarget section */

/* Begin PBXProject section */
		F2490C6727979B9500CB8025 /* Project object */ = {
			isa = PBXProject;
			attributes = {
				LastSwiftUpdateCheck = 1130;
				LastUpgradeCheck = 1130;
				ORGANIZATIONNAME = sreekar;
				TargetAttributes = {
					F2490C6E27979B9500CB8025 = {
						CreatedOnToolsVersion = 11.3.1;
					};
				};
			};
			buildConfigurationList = F2490C6A27979B9500CB8025 /* Build configuration list for PBXProject "Lab1_PhaniPotu_C0789186_IOS" */;
			compatibilityVersion = "Xcode 9.3";
			developmentRegion = en;
			hasScannedForEncodings = 0;
			knownRegions = (
				en,
				Base,
			);
			mainGroup = F2490C6627979B9500CB8025;
			productRefGroup = F2490C7027979B9500CB8025 /* Products */;
			projectDirPath = "";
			projectRoot = "";
			targets = (
				F2490C6E27979B9500CB8025 /* Lab1_PhaniPotu_C0789186_IOS */,
			);
		};
/* End PBXProject section */

/* Begin PBXResourcesBuildPhase section */
		F2490C6D27979B9500CB8025 /* Resources */ = {
			isa = PBXResourcesBuildPhase;
			buildActionMask = 2147483647;
			files = (
				F2490C7F27979B9D00CB8025 /* LaunchScreen.storyboard in Resources */,
				F2490C7C27979B9D00CB8025 /* Assets.xcassets in Resources */,
				F2490C7A27979B9500CB8025 /* Main.storyboard in Resources */,
			);
			runOnlyForDeploymentPostprocessing = 0;
		};
/* End PBXResourcesBuildPhase section */

/* Begin PBXSourcesBuildPhase section */
		F2490C6B27979B9500CB8025 /* Sources */ = {
			isa = PBXSourcesBuildPhase;
			buildActionMask = 2147483647;
			files = (
				F2490C7727979B9500CB8025 /* ViewController.swift in Sources */,
				F2490C7327979B9500CB8025 /* AppDelegate.swift in Sources */,
				F2490C7527979B9500CB8025 /* SceneDelegate.swift in Sources */,
			);
			runOnlyForDeploymentPostprocessing = 0;
		};
/* End PBXSourcesBuildPhase section */

/* Begin PBXVariantGroup section */
		F2490C7827979B9500CB8025 /* Main.storyboard */ = {
			isa = PBXVariantGroup;
			children = (
				F2490C7927979B9500CB8025 /* Base */,
			);
			name = Main.storyboard;
			sourceTree = "<group>";
		};
		F2490C7D27979B9D00CB8025 /* LaunchScreen.storyboard */ = {
			isa = PBXVariantGroup;
			children = (
				F2490C7E27979B9D00CB8025 /* Base */,
			);
			name = LaunchScreen.storyboard;
			sourceTree = "<group>";
		};
/* End PBXVariantGroup section */

/* Begin XCBuildConfiguration section */
		F2490C8127979B9D00CB8025 /* Debug */ = {
			isa = XCBuildConfiguration;
			buildSettings = {
				ALWAYS_SEARCH_USER_PATHS = NO;
				CLANG_ANALYZER_NONNULL = YES;
				CLANG_ANALYZER_NUMBER_OBJECT_CONVERSION = YES_AGGRESSIVE;
				CLANG_CXX_LANGUAGE_STANDARD = "gnu++14";
				CLANG_CXX_LIBRARY = "libc++";
				CLANG_ENABLE_MODULES = YES;
				CLANG_ENABLE_OBJC_ARC = YES;
				CLANG_ENABLE_OBJC_WEAK = YES;
				CLANG_WARN_BLOCK_CAPTURE_AUTORELEASING = YES;
				CLANG_WARN_BOOL_CONVERSION = YES;
				CLANG_WARN_COMMA = YES;
				CLANG_WARN_CONSTANT_CONVERSION = YES;
				CLANG_WARN_DEPRECATED_OBJC_IMPLEMENTATIONS = YES;
				CLANG_WARN_DIRECT_OBJC_ISA_USAGE = YES_ERROR;
				CLANG_WARN_DOCUMENTATION_COMMENTS = YES;
				CLANG_WARN_EMPTY_BODY = YES;
				CLANG_WARN_ENUM_CONVERSION = YES;
				CLANG_WARN_INFINITE_RECURSION = YES;
				CLANG_WARN_INT_CONVERSION = YES;
				CLANG_WARN_NON_LITERAL_NULL_CONVERSION = YES;
				CLANG_WARN_OBJC_IMPLICIT_RETAIN_SELF = YES;
				CLANG_WARN_OBJC_LITERAL_CONVERSION = YES;
				CLANG_WARN_OBJC_ROOT_CLASS = YES_ERROR;
				CLANG_WARN_RANGE_LOOP_ANALYSIS = YES;
				CLANG_WARN_STRICT_PROTOTYPES = YES;
				CLANG_WARN_SUSPICIOUS_MOVE = YES;
				CLANG_WARN_UNGUARDED_AVAILABILITY = YES_AGGRESSIVE;
				CLANG_WARN_UNREACHABLE_CODE = YES;
				CLANG_WARN__DUPLICATE_METHOD_MATCH = YES;
				COPY_PHASE_STRIP = NO;
				DEBUG_INFORMATION_FORMAT = dwarf;
				ENABLE_STRICT_OBJC_MSGSEND = YES;
				ENABLE_TESTABILITY = YES;
				GCC_C_LANGUAGE_STANDARD = gnu11;
				GCC_DYNAMIC_NO_PIC = NO;
				GCC_NO_COMMON_BLOCKS = YES;
				GCC_OPTIMIZATION_LEVEL = 0;
				GCC_PREPROCESSOR_DEFINITIONS = (
					"DEBUG=1",
					"$(inherited)",
				);
				GCC_WARN_64_TO_32_BIT_CONVERSION = YES;
				GCC_WARN_ABOUT_RETURN_TYPE = YES_ERROR;
				GCC_WARN_UNDECLARED_SELECTOR = YES;
				GCC_WARN_UNINITIALIZED_AUTOS = YES_AGGRESSIVE;
				GCC_WARN_UNUSED_FUNCTION = YES;
				GCC_WARN_UNUSED_VARIABLE = YES;
				IPHONEOS_DEPLOYMENT_TARGET = 13.2;
				MTL_ENABLE_DEBUG_INFO = INCLUDE_SOURCE;
				MTL_FAST_MATH = YES;
				ONLY_ACTIVE_ARCH = YES;
				SDKROOT = iphoneos;
				SWIFT_ACTIVE_COMPILATION_CONDITIONS = DEBUG;
				SWIFT_OPTIMIZATION_LEVEL = "-Onone";
			};
			name = Debug;
		};
		F2490C8227979B9D00CB8025 /* Release */ = {
			isa = XCBuildConfiguration;
			buildSettings = {
				ALWAYS_SEARCH_USER_PATHS = NO;
				CLANG_ANALYZER_NONNULL = YES;
				CLANG_ANALYZER_NUMBER_OBJECT_CONVERSION = YES_AGGRESSIVE;
				CLANG_CXX_LANGUAGE_STANDARD = "gnu++14";
				CLANG_CXX_LIBRARY = "libc++";
				CLANG_ENABLE_MODULES = YES;
				CLANG_ENABLE_OBJC_ARC = YES;
				CLANG_ENABLE_OBJC_WEAK = YES;
				CLANG_WARN_BLOCK_CAPTURE_AUTORELEASING = YES;
				CLANG_WARN_BOOL_CONVERSION = YES;
				CLANG_WARN_COMMA = YES;
				CLANG_WARN_CONSTANT_CONVERSION = YES;
				CLANG_WARN_DEPRECATED_OBJC_IMPLEMENTATIONS = YES;
				CLANG_WARN_DIRECT_OBJC_ISA_USAGE = YES_ERROR;
				CLANG_WARN_DOCUMENTATION_COMMENTS = YES;
				CLANG_WARN_EMPTY_BODY = YES;
				CLANG_WARN_ENUM_CONVERSION = YES;
				CLANG_WARN_INFINITE_RECURSION = YES;
				CLANG_WARN_INT_CONVERSION = YES;
				CLANG_WARN_NON_LITERAL_NULL_CONVERSION = YES;
				CLANG_WARN_OBJC_IMPLICIT_RETAIN_SELF = YES;
				CLANG_WARN_OBJC_LITERAL_CONVERSION = YES;
				CLANG_WARN_OBJC_ROOT_CLASS = YES_ERROR;
				CLANG_WARN_RANGE_LOOP_ANALYSIS = YES;
				CLANG_WARN_STRICT_PROTOTYPES = YES;
				CLANG_WARN_SUSPICIOUS_MOVE = YES;
				CLANG_WARN_UNGUARDED_AVAILABILITY = YES_AGGRESSIVE;
				CLANG_WARN_UNREACHABLE_CODE = YES;
				CLANG_WARN__DUPLICATE_METHOD_MATCH = YES;
				COPY_PHASE_STRIP = NO;
				DEBUG_INFORMATION_FORMAT = "dwarf-with-dsym";
				ENABLE_NS_ASSERTIONS = NO;
				ENABLE_STRICT_OBJC_MSGSEND = YES;
				GCC_C_LANGUAGE_STANDARD = gnu11;
				GCC_NO_COMMON_BLOCKS = YES;
				GCC_WARN_64_TO_32_BIT_CONVERSION = YES;
				GCC_WARN_ABOUT_RETURN_TYPE = YES_ERROR;
				GCC_WARN_UNDECLARED_SELECTOR = YES;
				GCC_WARN_UNINITIALIZED_AUTOS = YES_AGGRESSIVE;
				GCC_WARN_UNUSED_FUNCTION = YES;
				GCC_WARN_UNUSED_VARIABLE = YES;
				IPHONEOS_DEPLOYMENT_TARGET = 13.2;
				MTL_ENABLE_DEBUG_INFO = NO;
				MTL_FAST_MATH = YES;
				SDKROOT = iphoneos;
				SWIFT_COMPILATION_MODE = wholemodule;
				SWIFT_OPTIMIZATION_LEVEL = "-O";
				VALIDATE_PRODUCT = YES;
			};
			name = Release;
		};
		F2490C8427979B9D00CB8025 /* Debug */ = {
			isa = XCBuildConfiguration;
			buildSettings = {
				ASSETCATALOG_COMPILER_APPICON_NAME = AppIcon;
				CODE_SIGN_STYLE = Automatic;
				INFOPLIST_FILE = Lab1_PhaniPotu_C0789186_IOS/Info.plist;
				LD_RUNPATH_SEARCH_PATHS = (
					"$(inherited)",
					"@executable_path/Frameworks",
				);
				PRODUCT_BUNDLE_IDENTIFIER = "com.sreekar.Lab1-PhaniPotu-C0789186-IOS";
				PRODUCT_NAME = "$(TARGET_NAME)";
				SWIFT_VERSION = 5.0;
				TARGETED_DEVICE_FAMILY = "1,2";
			};
			name = Debug;
		};
		F2490C8527979B9D00CB8025 /* Release */ = {
			isa = XCBuildConfiguration;
			buildSettings = {
				ASSETCATALOG_COMPILER_APPICON_NAME = AppIcon;
				CODE_SIGN_STYLE = Automatic;
				INFOPLIST_FILE = Lab1_PhaniPotu_C0789186_IOS/Info.plist;
				LD_RUNPATH_SEARCH_PATHS = (
					"$(inherited)",
					"@executable_path/Frameworks",
				);
				PRODUCT_BUNDLE_IDENTIFIER = "com.sreekar.Lab1-PhaniPotu-C0789186-IOS";
				PRODUCT_NAME = "$(TARGET_NAME)";
				SWIFT_VERSION = 5.0;
				TARGETED_DEVICE_FAMILY = "1,2";
			};
			name = Release;
		};
/* End XCBuildConfiguration section */

/* Begin XCConfigurationList section */
		F2490C6A27979B9500CB8025 /* Build configuration list for PBXProject "Lab1_PhaniPotu_C0789186_IOS" */ = {
			isa = XCConfigurationList;
			buildConfigurations = (
				F2490C8127979B9D00CB8025 /* Debug */,
				F2490C8227979B9D00CB8025 /* Release */,
			);
			defaultConfigurationIsVisible = 0;
			defaultConfigurationName = Release;
		};
		F2490C8327979B9D00CB8025 /* Build configuration list for PBXNativeTarget "Lab1_PhaniPotu_C0789186_IOS" */ = {
			isa = XCConfigurationList;
			buildConfigurations = (
				F2490C8427979B9D00CB8025 /* Debug */,
				F2490C8527979B9D00CB8025 /* Release */,
			);
			defaultConfigurationIsVisible = 0;
			defaultConfigurationName = Release;
		};
/* End XCConfigurationList section */
	};
	rootObject = F2490C6727979B9500CB8025 /* Project object */;
}
